
Microsoft Visual Studio Solution File, Format Version 12.00
Project("{FAE04EC0-301F-11D3-BF4B-00C04F79EFBC}") = "PairProgramming", "PairProgramming\PairProgramming.csproj", "{C8439FCB-CFE2-49CC-9C1E-246F5D9708A7}"
EndProject
Project("{FAE04EC0-301F-11D3-BF4B-00C04F79EFBC}") = "TestProject1", "TestProject1\TestProject1.csproj", "{71BAF70E-6EF6-46E8-93AE-21B1848AD51F}"
EndProject
Project("{FAE04EC0-301F-11D3-BF4B-00C04F79EFBC}") = "TestProject2", "TestProject2\TestProject2.csproj", "{B95852C0-B32C-40E8-857F-916D175B42B6}"
EndProject
Global
	GlobalSection(SolutionConfigurationPlatforms) = preSolution
		Debug|Any CPU = Debug|Any CPU
		Release|Any CPU = Release|Any CPU
	EndGlobalSection
	GlobalSection(ProjectConfigurationPlatforms) = postSolution
		{C8439FCB-CFE2-49CC-9C1E-246F5D9708A7}.Debug|Any CPU.ActiveCfg = Debug|Any CPU
		{C8439FCB-CFE2-49CC-9C1E-246F5D9708A7}.Debug|Any CPU.Build.0 = Debug|Any CPU
		{C8439FCB-CFE2-49CC-9C1E-246F5D9708A7}.Release|Any CPU.ActiveCfg = Release|Any CPU
		{C8439FCB-CFE2-49CC-9C1E-246F5D9708A7}.Release|Any CPU.Build.0 = Release|Any CPU
		{71BAF70E-6EF6-46E8-93AE-21B1848AD51F}.Debug|Any CPU.ActiveCfg = Debug|Any CPU
		{71BAF70E-6EF6-46E8-93AE-21B1848AD51F}.Debug|Any CPU.Build.0 = Debug|Any CPU
		{71BAF70E-6EF6-46E8-93AE-21B1848AD51F}.Release|Any CPU.ActiveCfg = Release|Any CPU
		{71BAF70E-6EF6-46E8-93AE-21B1848AD51F}.Release|Any CPU.Build.0 = Release|Any CPU
		{B95852C0-B32C-40E8-857F-916D175B42B6}.Debug|Any CPU.ActiveCfg = Debug|Any CPU
		{B95852C0-B32C-40E8-857F-916D175B42B6}.Debug|Any CPU.Build.0 = Debug|Any CPU
		{B95852C0-B32C-40E8-857F-916D175B42B6}.Release|Any CPU.ActiveCfg = Release|Any CPU
		{B95852C0-B32C-40E8-857F-916D175B42B6}.Release|Any CPU.Build.0 = Release|Any CPU
	EndGlobalSection
EndGlobal
